// !$*UTF8*$!
{
	archiveVersion = 1;
	classes = {
	};
	objectVersion = 51;
	objects = {

/* Begin PBXBuildFile section */
		5D2A853123B9D19A0040DBDE /* ForgotPasswordViewController.swift in Sources */ = {isa = PBXBuildFile; fileRef = 5D2A853023B9D19A0040DBDE /* ForgotPasswordViewController.swift */; };
		5D2A853423BB121D0040DBDE /* FirebaseManager.swift in Sources */ = {isa = PBXBuildFile; fileRef = 5D2A853323BB121D0040DBDE /* FirebaseManager.swift */; };
		5D2A853923BB1A3B0040DBDE /* ContactActions.swift in Sources */ = {isa = PBXBuildFile; fileRef = 5D2A853823BB1A3B0040DBDE /* ContactActions.swift */; };
		5D2A853D23BB98470040DBDE /* SearchUsersViewController.swift in Sources */ = {isa = PBXBuildFile; fileRef = 5D2A853C23BB98470040DBDE /* SearchUsersViewController.swift */; };
		5D2A853F23BB9ADC0040DBDE /* SearchUsersViewModel.swift in Sources */ = {isa = PBXBuildFile; fileRef = 5D2A853E23BB9ADC0040DBDE /* SearchUsersViewModel.swift */; };
		5D2A854123BBB6CC0040DBDE /* BrowseCardsTableViewCell.xib in Resources */ = {isa = PBXBuildFile; fileRef = 5D2A854023BBB6CC0040DBDE /* BrowseCardsTableViewCell.xib */; };
		5D3D235E22C0101C006B7459 /* AppDelegate.swift in Sources */ = {isa = PBXBuildFile; fileRef = 5D3D235D22C0101C006B7459 /* AppDelegate.swift */; };
		5D3D236522C0101C006B7459 /* Main.storyboard in Resources */ = {isa = PBXBuildFile; fileRef = 5D3D236322C0101C006B7459 /* Main.storyboard */; };
		5D3D236722C01021006B7459 /* Assets.xcassets in Resources */ = {isa = PBXBuildFile; fileRef = 5D3D236622C01021006B7459 /* Assets.xcassets */; };
		5D3D236A22C01021006B7459 /* LaunchScreen.storyboard in Resources */ = {isa = PBXBuildFile; fileRef = 5D3D236822C01021006B7459 /* LaunchScreen.storyboard */; };
		5D3D237222C0115B006B7459 /* Reachability.swift in Sources */ = {isa = PBXBuildFile; fileRef = 5D3D237122C0115B006B7459 /* Reachability.swift */; };
		5D3D237422C01203006B7459 /* LoginViewController.swift in Sources */ = {isa = PBXBuildFile; fileRef = 5D3D237322C01203006B7459 /* LoginViewController.swift */; };
		5D3D237822C02084006B7459 /* SignUpViewController.swift in Sources */ = {isa = PBXBuildFile; fileRef = 5D3D237722C02084006B7459 /* SignUpViewController.swift */; };
		5D3D237C22C02F88006B7459 /* BrowseMyCardsViewController.swift in Sources */ = {isa = PBXBuildFile; fileRef = 5D3D237B22C02F88006B7459 /* BrowseMyCardsViewController.swift */; };
		5D4F294123BEB1F800712B54 /* Enodeable+Extension.swift in Sources */ = {isa = PBXBuildFile; fileRef = 5D4F294023BEB1F800712B54 /* Enodeable+Extension.swift */; };
		5D54F4B823B40DEE00B6B027 /* CardSummaryList.swift in Sources */ = {isa = PBXBuildFile; fileRef = 5D54F4B723B40DEE00B6B027 /* CardSummaryList.swift */; };
		5D54F4BA23B50A3E00B6B027 /* CardsWebService.swift in Sources */ = {isa = PBXBuildFile; fileRef = 5D54F4B923B50A3E00B6B027 /* CardsWebService.swift */; };
		5D54F4BD23B5BDA600B6B027 /* BrowseCardsTableViewCell.swift in Sources */ = {isa = PBXBuildFile; fileRef = 5D54F4BC23B5BDA600B6B027 /* BrowseCardsTableViewCell.swift */; };
		5D54F4BF23B5C0C600B6B027 /* UIImage+Extension.swift in Sources */ = {isa = PBXBuildFile; fileRef = 5D54F4BE23B5C0C600B6B027 /* UIImage+Extension.swift */; };
		5D54F4C123B5C91C00B6B027 /* String+Extension.swift in Sources */ = {isa = PBXBuildFile; fileRef = 5D54F4C023B5C91C00B6B027 /* String+Extension.swift */; };
		5D54F4C323B5DAD300B6B027 /* UIViewController+Extension.swift in Sources */ = {isa = PBXBuildFile; fileRef = 5D54F4C223B5DAD300B6B027 /* UIViewController+Extension.swift */; };
		5D54F4C523B651DE00B6B027 /* StorageService.swift in Sources */ = {isa = PBXBuildFile; fileRef = 5D54F4C423B651DE00B6B027 /* StorageService.swift */; };
		5D54F4C923B660B800B6B027 /* CardDetailViewController.swift in Sources */ = {isa = PBXBuildFile; fileRef = 5D54F4C823B660B800B6B027 /* CardDetailViewController.swift */; };
		5D54F4CB23B67B2A00B6B027 /* Card.swift in Sources */ = {isa = PBXBuildFile; fileRef = 5D54F4CA23B67B2A00B6B027 /* Card.swift */; };
		5D54F4CF23B6BBA300B6B027 /* CardAttributeFieldTableViewCell.swift in Sources */ = {isa = PBXBuildFile; fileRef = 5D54F4CE23B6BBA300B6B027 /* CardAttributeFieldTableViewCell.swift */; };
		5D54F4D123B6BD0500B6B027 /* Common.swift in Sources */ = {isa = PBXBuildFile; fileRef = 5D54F4D023B6BD0500B6B027 /* Common.swift */; };
		5D54F4D323B6C36300B6B027 /* CardDetailViewModel.swift in Sources */ = {isa = PBXBuildFile; fileRef = 5D54F4D223B6C36300B6B027 /* CardDetailViewModel.swift */; };
		5D54F4D723B7F48800B6B027 /* UIView+Extension.swift in Sources */ = {isa = PBXBuildFile; fileRef = 5D54F4D623B7F48800B6B027 /* UIView+Extension.swift */; };
		5D54F4D923B8F52600B6B027 /* GoogleService-Info.plist in Resources */ = {isa = PBXBuildFile; fileRef = 5D54F4D823B8F52600B6B027 /* GoogleService-Info.plist */; };
		5D7669D023B2BD0B00BF8BA5 /* TableViewDataSource.swift in Sources */ = {isa = PBXBuildFile; fileRef = 5D7669CF23B2BD0B00BF8BA5 /* TableViewDataSource.swift */; };
		5D7669D323B2BDB400BF8BA5 /* MyCardsViewModel.swift in Sources */ = {isa = PBXBuildFile; fileRef = 5D7669D223B2BDB400BF8BA5 /* MyCardsViewModel.swift */; };
		5DA55BB423B25622003CF582 /* UIColor+Extension.swift in Sources */ = {isa = PBXBuildFile; fileRef = 5DA55BB323B25622003CF582 /* UIColor+Extension.swift */; };
		5DA55BB923B25895003CF582 /* Constants.swift in Sources */ = {isa = PBXBuildFile; fileRef = 5DA55BB823B25895003CF582 /* Constants.swift */; };
		5DA55BBC23B25DB6003CF582 /* UIButton+Extension.swift in Sources */ = {isa = PBXBuildFile; fileRef = 5DA55BBB23B25DB6003CF582 /* UIButton+Extension.swift */; };
		5DA55BBE23B25DE4003CF582 /* UITextField+Extension.swift in Sources */ = {isa = PBXBuildFile; fileRef = 5DA55BBD23B25DE4003CF582 /* UITextField+Extension.swift */; };
		5DFD77D523B2506D00C6EF1A /* AuthService.swift in Sources */ = {isa = PBXBuildFile; fileRef = 5DFD77D423B2506D00C6EF1A /* AuthService.swift */; };
		8B997BEA14D895E5F07DB2CF /* Pods_Cards_Contacts.framework in Frameworks */ = {isa = PBXBuildFile; fileRef = 0803D779143F206B35B6955B /* Pods_Cards_Contacts.framework */; };
/* End PBXBuildFile section */

/* Begin PBXFileReference section */
		0803D779143F206B35B6955B /* Pods_Cards_Contacts.framework */ = {isa = PBXFileReference; explicitFileType = wrapper.framework; includeInIndex = 0; path = Pods_Cards_Contacts.framework; sourceTree = BUILT_PRODUCTS_DIR; };
		120E9978FC75120260C8CB9B /* Pods-Cards Contacts.debug.xcconfig */ = {isa = PBXFileReference; includeInIndex = 1; lastKnownFileType = text.xcconfig; name = "Pods-Cards Contacts.debug.xcconfig"; path = "Target Support Files/Pods-Cards Contacts/Pods-Cards Contacts.debug.xcconfig"; sourceTree = "<group>"; };
		5D2A853023B9D19A0040DBDE /* ForgotPasswordViewController.swift */ = {isa = PBXFileReference; lastKnownFileType = sourcecode.swift; path = ForgotPasswordViewController.swift; sourceTree = "<group>"; };
		5D2A853323BB121D0040DBDE /* FirebaseManager.swift */ = {isa = PBXFileReference; lastKnownFileType = sourcecode.swift; path = FirebaseManager.swift; sourceTree = "<group>"; };
		5D2A853823BB1A3B0040DBDE /* ContactActions.swift */ = {isa = PBXFileReference; lastKnownFileType = sourcecode.swift; path = ContactActions.swift; sourceTree = "<group>"; };
		5D2A853C23BB98470040DBDE /* SearchUsersViewController.swift */ = {isa = PBXFileReference; lastKnownFileType = sourcecode.swift; path = SearchUsersViewController.swift; sourceTree = "<group>"; };
		5D2A853E23BB9ADC0040DBDE /* SearchUsersViewModel.swift */ = {isa = PBXFileReference; lastKnownFileType = sourcecode.swift; path = SearchUsersViewModel.swift; sourceTree = "<group>"; };
		5D2A854023BBB6CC0040DBDE /* BrowseCardsTableViewCell.xib */ = {isa = PBXFileReference; lastKnownFileType = file.xib; path = BrowseCardsTableViewCell.xib; sourceTree = "<group>"; };
		5D3D235A22C0101C006B7459 /* Cards.app */ = {isa = PBXFileReference; explicitFileType = wrapper.application; includeInIndex = 0; path = Cards.app; sourceTree = BUILT_PRODUCTS_DIR; };
		5D3D235D22C0101C006B7459 /* AppDelegate.swift */ = {isa = PBXFileReference; lastKnownFileType = sourcecode.swift; path = AppDelegate.swift; sourceTree = "<group>"; };
		5D3D236422C0101C006B7459 /* Base */ = {isa = PBXFileReference; lastKnownFileType = file.storyboard; name = Base; path = Base.lproj/Main.storyboard; sourceTree = "<group>"; };
		5D3D236622C01021006B7459 /* Assets.xcassets */ = {isa = PBXFileReference; lastKnownFileType = folder.assetcatalog; path = Assets.xcassets; sourceTree = "<group>"; };
		5D3D236922C01021006B7459 /* Base */ = {isa = PBXFileReference; lastKnownFileType = file.storyboard; name = Base; path = Base.lproj/LaunchScreen.storyboard; sourceTree = "<group>"; };
		5D3D236B22C01021006B7459 /* Info.plist */ = {isa = PBXFileReference; lastKnownFileType = text.plist.xml; path = Info.plist; sourceTree = "<group>"; };
		5D3D237122C0115B006B7459 /* Reachability.swift */ = {isa = PBXFileReference; fileEncoding = 4; lastKnownFileType = sourcecode.swift; path = Reachability.swift; sourceTree = "<group>"; };
		5D3D237322C01203006B7459 /* LoginViewController.swift */ = {isa = PBXFileReference; lastKnownFileType = sourcecode.swift; name = LoginViewController.swift; path = "../New Group/LoginViewController.swift"; sourceTree = "<group>"; };
		5D3D237722C02084006B7459 /* SignUpViewController.swift */ = {isa = PBXFileReference; lastKnownFileType = sourcecode.swift; name = SignUpViewController.swift; path = "../New Group/SignUpViewController.swift"; sourceTree = "<group>"; };
		5D3D237B22C02F88006B7459 /* BrowseMyCardsViewController.swift */ = {isa = PBXFileReference; lastKnownFileType = sourcecode.swift; path = BrowseMyCardsViewController.swift; sourceTree = "<group>"; };
		5D4F294023BEB1F800712B54 /* Enodeable+Extension.swift */ = {isa = PBXFileReference; lastKnownFileType = sourcecode.swift; path = "Enodeable+Extension.swift"; sourceTree = "<group>"; };
		5D54F4B723B40DEE00B6B027 /* CardSummaryList.swift */ = {isa = PBXFileReference; lastKnownFileType = sourcecode.swift; path = CardSummaryList.swift; sourceTree = "<group>"; };
		5D54F4B923B50A3E00B6B027 /* CardsWebService.swift */ = {isa = PBXFileReference; lastKnownFileType = sourcecode.swift; path = CardsWebService.swift; sourceTree = "<group>"; };
		5D54F4BC23B5BDA600B6B027 /* BrowseCardsTableViewCell.swift */ = {isa = PBXFileReference; lastKnownFileType = sourcecode.swift; path = BrowseCardsTableViewCell.swift; sourceTree = "<group>"; };
		5D54F4BE23B5C0C600B6B027 /* UIImage+Extension.swift */ = {isa = PBXFileReference; lastKnownFileType = sourcecode.swift; path = "UIImage+Extension.swift"; sourceTree = "<group>"; };
		5D54F4C023B5C91C00B6B027 /* String+Extension.swift */ = {isa = PBXFileReference; lastKnownFileType = sourcecode.swift; path = "String+Extension.swift"; sourceTree = "<group>"; };
		5D54F4C223B5DAD300B6B027 /* UIViewController+Extension.swift */ = {isa = PBXFileReference; lastKnownFileType = sourcecode.swift; path = "UIViewController+Extension.swift"; sourceTree = "<group>"; };
		5D54F4C423B651DE00B6B027 /* StorageService.swift */ = {isa = PBXFileReference; lastKnownFileType = sourcecode.swift; path = StorageService.swift; sourceTree = "<group>"; };
		5D54F4C823B660B800B6B027 /* CardDetailViewController.swift */ = {isa = PBXFileReference; lastKnownFileType = sourcecode.swift; path = CardDetailViewController.swift; sourceTree = "<group>"; };
		5D54F4CA23B67B2A00B6B027 /* Card.swift */ = {isa = PBXFileReference; lastKnownFileType = sourcecode.swift; path = Card.swift; sourceTree = "<group>"; };
		5D54F4CE23B6BBA300B6B027 /* CardAttributeFieldTableViewCell.swift */ = {isa = PBXFileReference; lastKnownFileType = sourcecode.swift; path = CardAttributeFieldTableViewCell.swift; sourceTree = "<group>"; };
		5D54F4D023B6BD0500B6B027 /* Common.swift */ = {isa = PBXFileReference; lastKnownFileType = sourcecode.swift; path = Common.swift; sourceTree = "<group>"; };
		5D54F4D223B6C36300B6B027 /* CardDetailViewModel.swift */ = {isa = PBXFileReference; lastKnownFileType = sourcecode.swift; path = CardDetailViewModel.swift; sourceTree = "<group>"; };
		5D54F4D623B7F48800B6B027 /* UIView+Extension.swift */ = {isa = PBXFileReference; lastKnownFileType = sourcecode.swift; path = "UIView+Extension.swift"; sourceTree = "<group>"; };
		5D54F4D823B8F52600B6B027 /* GoogleService-Info.plist */ = {isa = PBXFileReference; fileEncoding = 4; lastKnownFileType = text.plist.xml; path = "GoogleService-Info.plist"; sourceTree = "<group>"; };
		5D7669CF23B2BD0B00BF8BA5 /* TableViewDataSource.swift */ = {isa = PBXFileReference; lastKnownFileType = sourcecode.swift; path = TableViewDataSource.swift; sourceTree = "<group>"; };
		5D7669D223B2BDB400BF8BA5 /* MyCardsViewModel.swift */ = {isa = PBXFileReference; lastKnownFileType = sourcecode.swift; path = MyCardsViewModel.swift; sourceTree = "<group>"; };
		5DA55BB323B25622003CF582 /* UIColor+Extension.swift */ = {isa = PBXFileReference; lastKnownFileType = sourcecode.swift; path = "UIColor+Extension.swift"; sourceTree = "<group>"; };
		5DA55BB823B25895003CF582 /* Constants.swift */ = {isa = PBXFileReference; lastKnownFileType = sourcecode.swift; path = Constants.swift; sourceTree = "<group>"; };
		5DA55BBB23B25DB6003CF582 /* UIButton+Extension.swift */ = {isa = PBXFileReference; lastKnownFileType = sourcecode.swift; path = "UIButton+Extension.swift"; sourceTree = "<group>"; };
		5DA55BBD23B25DE4003CF582 /* UITextField+Extension.swift */ = {isa = PBXFileReference; lastKnownFileType = sourcecode.swift; path = "UITextField+Extension.swift"; sourceTree = "<group>"; };
		5DFD77D423B2506D00C6EF1A /* AuthService.swift */ = {isa = PBXFileReference; lastKnownFileType = sourcecode.swift; path = AuthService.swift; sourceTree = "<group>"; };
		927C993C8205C43704653518 /* Pods-Cards Contacts.release.xcconfig */ = {isa = PBXFileReference; includeInIndex = 1; lastKnownFileType = text.xcconfig; name = "Pods-Cards Contacts.release.xcconfig"; path = "Target Support Files/Pods-Cards Contacts/Pods-Cards Contacts.release.xcconfig"; sourceTree = "<group>"; };
/* End PBXFileReference section */

/* Begin PBXFrameworksBuildPhase section */
		5D3D235722C0101C006B7459 /* Frameworks */ = {
			isa = PBXFrameworksBuildPhase;
			buildActionMask = 2147483647;
			files = (
				8B997BEA14D895E5F07DB2CF /* Pods_Cards_Contacts.framework in Frameworks */,
			);
			runOnlyForDeploymentPostprocessing = 0;
		};
/* End PBXFrameworksBuildPhase section */

/* Begin PBXGroup section */
		5D2A853223BB11E30040DBDE /* Managers */ = {
			isa = PBXGroup;
			children = (
				5D2A853323BB121D0040DBDE /* FirebaseManager.swift */,
			);
			path = Managers;
			sourceTree = "<group>";
		};
		5D2A853523BB14920040DBDE /* Web Services */ = {
			isa = PBXGroup;
			children = (
				5DFD77D423B2506D00C6EF1A /* AuthService.swift */,
				5D54F4B923B50A3E00B6B027 /* CardsWebService.swift */,
			);
			path = "Web Services";
			sourceTree = "<group>";
		};
		5D2A854223BBBBBF0040DBDE /* BrowseCardsTableViewCell */ = {
			isa = PBXGroup;
			children = (
				5D54F4BC23B5BDA600B6B027 /* BrowseCardsTableViewCell.swift */,
				5D2A854023BBB6CC0040DBDE /* BrowseCardsTableViewCell.xib */,
			);
			path = BrowseCardsTableViewCell;
			sourceTree = "<group>";
		};
		5D2A854523BBC82D0040DBDE /* Search */ = {
			isa = PBXGroup;
			children = (
				5D2A853E23BB9ADC0040DBDE /* SearchUsersViewModel.swift */,
				5D2A853C23BB98470040DBDE /* SearchUsersViewController.swift */,
			);
			path = Search;
			sourceTree = "<group>";
		};
		5D2A854623BBC8520040DBDE /* Browse */ = {
			isa = PBXGroup;
			children = (
				5D7669D223B2BDB400BF8BA5 /* MyCardsViewModel.swift */,
				5D3D237B22C02F88006B7459 /* BrowseMyCardsViewController.swift */,
			);
			path = Browse;
			sourceTree = "<group>";
		};
		5D2A854923BBC8B00040DBDE /* Card Detail */ = {
			isa = PBXGroup;
			children = (
				5D54F4D223B6C36300B6B027 /* CardDetailViewModel.swift */,
				5D54F4C823B660B800B6B027 /* CardDetailViewController.swift */,
			);
			path = "Card Detail";
			sourceTree = "<group>";
		};
		5D3D235122C0101C006B7459 = {
			isa = PBXGroup;
			children = (
				5D3D235C22C0101C006B7459 /* Cards Contacts */,
				5D3D235B22C0101C006B7459 /* Products */,
				BA9FFBF2E603FCD5A3360CCD /* Pods */,
				D59C32BD0A5CE33E7FB07253 /* Frameworks */,
			);
			sourceTree = "<group>";
		};
		5D3D235B22C0101C006B7459 /* Products */ = {
			isa = PBXGroup;
			children = (
				5D3D235A22C0101C006B7459 /* Cards.app */,
			);
			name = Products;
			sourceTree = "<group>";
		};
		5D3D235C22C0101C006B7459 /* Cards Contacts */ = {
			isa = PBXGroup;
			children = (
				5D54F4B623B40DCF00B6B027 /* Models */,
				5D7669CE23B2BCF000BF8BA5 /* Data Sources */,
				5DA55BBF23B26579003CF582 /* Custom Cells */,
				5DA55BBA23B25978003CF582 /* Controllers */,
				5DA55BB523B256B5003CF582 /* Utils */,
				5DFD77D623B250B000C6EF1A /* Extensions */,
				5D2A853223BB11E30040DBDE /* Managers */,
				5DFD77D323B2505400C6EF1A /* Services */,
				5DA55BC123B268EA003CF582 /* Supporting */,
				5D3D236B22C01021006B7459 /* Info.plist */,
				5D54F4D823B8F52600B6B027 /* GoogleService-Info.plist */,
			);
			path = "Cards Contacts";
			sourceTree = "<group>";
		};
		5D54F4B623B40DCF00B6B027 /* Models */ = {
			isa = PBXGroup;
			children = (
				5D54F4B723B40DEE00B6B027 /* CardSummaryList.swift */,
				5D54F4CA23B67B2A00B6B027 /* Card.swift */,
			);
			path = Models;
			sourceTree = "<group>";
		};
		5D54F4BB23B5AEDF00B6B027 /* Auth */ = {
			isa = PBXGroup;
			children = (
				5D3D237722C02084006B7459 /* SignUpViewController.swift */,
				5D3D237322C01203006B7459 /* LoginViewController.swift */,
				5D2A853023B9D19A0040DBDE /* ForgotPasswordViewController.swift */,
			);
			path = Auth;
			sourceTree = "<group>";
		};
		5D7669CE23B2BCF000BF8BA5 /* Data Sources */ = {
			isa = PBXGroup;
			children = (
				5D7669CF23B2BD0B00BF8BA5 /* TableViewDataSource.swift */,
			);
			path = "Data Sources";
			sourceTree = "<group>";
		};
		5DA55BB523B256B5003CF582 /* Utils */ = {
			isa = PBXGroup;
			children = (
				5D3D237122C0115B006B7459 /* Reachability.swift */,
				5DA55BB823B25895003CF582 /* Constants.swift */,
				5D54F4D023B6BD0500B6B027 /* Common.swift */,
				5D2A853823BB1A3B0040DBDE /* ContactActions.swift */,
			);
			path = Utils;
			sourceTree = "<group>";
		};
		5DA55BBA23B25978003CF582 /* Controllers */ = {
			isa = PBXGroup;
			children = (
				5D2A854623BBC8520040DBDE /* Browse */,
				5D2A854923BBC8B00040DBDE /* Card Detail */,
				5D2A854523BBC82D0040DBDE /* Search */,
				5D54F4BB23B5AEDF00B6B027 /* Auth */,
			);
			path = Controllers;
			sourceTree = "<group>";
		};
		5DA55BBF23B26579003CF582 /* Custom Cells */ = {
			isa = PBXGroup;
			children = (
				5D2A854223BBBBBF0040DBDE /* BrowseCardsTableViewCell */,
				5D54F4CE23B6BBA300B6B027 /* CardAttributeFieldTableViewCell.swift */,
			);
			path = "Custom Cells";
			sourceTree = "<group>";
		};
		5DA55BC123B268EA003CF582 /* Supporting */ = {
			isa = PBXGroup;
			children = (
				5D3D235D22C0101C006B7459 /* AppDelegate.swift */,
				5D3D236322C0101C006B7459 /* Main.storyboard */,
				5D3D236822C01021006B7459 /* LaunchScreen.storyboard */,
				5D3D236622C01021006B7459 /* Assets.xcassets */,
			);
			path = Supporting;
			sourceTree = "<group>";
		};
		5DFD77D323B2505400C6EF1A /* Services */ = {
			isa = PBXGroup;
			children = (
				5D2A853523BB14920040DBDE /* Web Services */,
				5D54F4C423B651DE00B6B027 /* StorageService.swift */,
			);
			path = Services;
			sourceTree = "<group>";
		};
		5DFD77D623B250B000C6EF1A /* Extensions */ = {
			isa = PBXGroup;
			children = (
				5DA55BB323B25622003CF582 /* UIColor+Extension.swift */,
				5DA55BBB23B25DB6003CF582 /* UIButton+Extension.swift */,
				5DA55BBD23B25DE4003CF582 /* UITextField+Extension.swift */,
				5D54F4BE23B5C0C600B6B027 /* UIImage+Extension.swift */,
				5D54F4C023B5C91C00B6B027 /* String+Extension.swift */,
				5D54F4C223B5DAD300B6B027 /* UIViewController+Extension.swift */,
				5D54F4D623B7F48800B6B027 /* UIView+Extension.swift */,
				5D4F294023BEB1F800712B54 /* Enodeable+Extension.swift */,
			);
			path = Extensions;
			sourceTree = "<group>";
		};
		BA9FFBF2E603FCD5A3360CCD /* Pods */ = {
			isa = PBXGroup;
			children = (
				120E9978FC75120260C8CB9B /* Pods-Cards Contacts.debug.xcconfig */,
				927C993C8205C43704653518 /* Pods-Cards Contacts.release.xcconfig */,
			);
			path = Pods;
			sourceTree = "<group>";
		};
		D59C32BD0A5CE33E7FB07253 /* Frameworks */ = {
			isa = PBXGroup;
			children = (
				0803D779143F206B35B6955B /* Pods_Cards_Contacts.framework */,
			);
			name = Frameworks;
			sourceTree = "<group>";
		};
/* End PBXGroup section */

/* Begin PBXNativeTarget section */
		5D3D235922C0101C006B7459 /* Cards Contacts */ = {
			isa = PBXNativeTarget;
			buildConfigurationList = 5D3D236E22C01021006B7459 /* Build configuration list for PBXNativeTarget "Cards Contacts" */;
			buildPhases = (
				AADF71FE16780FA39A6FA082 /* [CP] Check Pods Manifest.lock */,
				5D3D235622C0101C006B7459 /* Sources */,
				5D3D235722C0101C006B7459 /* Frameworks */,
				5D3D235822C0101C006B7459 /* Resources */,
				4579A9E97FA2B07251D538A4 /* [CP] Embed Pods Frameworks */,
			);
			buildRules = (
			);
			dependencies = (
			);
			name = "Cards Contacts";
			productName = "Cards Contacts";
			productReference = 5D3D235A22C0101C006B7459 /* Cards.app */;
			productType = "com.apple.product-type.application";
		};
/* End PBXNativeTarget section */

/* Begin PBXProject section */
		5D3D235222C0101C006B7459 /* Project object */ = {
			isa = PBXProject;
			attributes = {
				LastSwiftUpdateCheck = 1020;
				LastUpgradeCheck = 1020;
				ORGANIZATIONNAME = "Nicholas Arduini";
				TargetAttributes = {
					5D3D235922C0101C006B7459 = {
						CreatedOnToolsVersion = 10.2.1;
					};
				};
			};
			buildConfigurationList = 5D3D235522C0101C006B7459 /* Build configuration list for PBXProject "Cards Contacts" */;
			compatibilityVersion = "Xcode 9.3";
			developmentRegion = en;
			hasScannedForEncodings = 0;
			knownRegions = (
				en,
				Base,
			);
			mainGroup = 5D3D235122C0101C006B7459;
			productRefGroup = 5D3D235B22C0101C006B7459 /* Products */;
			projectDirPath = "";
			projectRoot = "";
			targets = (
				5D3D235922C0101C006B7459 /* Cards Contacts */,
			);
		};
/* End PBXProject section */

/* Begin PBXResourcesBuildPhase section */
		5D3D235822C0101C006B7459 /* Resources */ = {
			isa = PBXResourcesBuildPhase;
			buildActionMask = 2147483647;
			files = (
				5D3D236A22C01021006B7459 /* LaunchScreen.storyboard in Resources */,
				5D54F4D923B8F52600B6B027 /* GoogleService-Info.plist in Resources */,
				5D3D236722C01021006B7459 /* Assets.xcassets in Resources */,
				5D2A854123BBB6CC0040DBDE /* BrowseCardsTableViewCell.xib in Resources */,
				5D3D236522C0101C006B7459 /* Main.storyboard in Resources */,
			);
			runOnlyForDeploymentPostprocessing = 0;
		};
/* End PBXResourcesBuildPhase section */

/* Begin PBXShellScriptBuildPhase section */
		4579A9E97FA2B07251D538A4 /* [CP] Embed Pods Frameworks */ = {
			isa = PBXShellScriptBuildPhase;
			buildActionMask = 2147483647;
			files = (
			);
			inputFileListPaths = (
				"${PODS_ROOT}/Target Support Files/Pods-Cards Contacts/Pods-Cards Contacts-frameworks-${CONFIGURATION}-input-files.xcfilelist",
			);
			name = "[CP] Embed Pods Frameworks";
			outputFileListPaths = (
				"${PODS_ROOT}/Target Support Files/Pods-Cards Contacts/Pods-Cards Contacts-frameworks-${CONFIGURATION}-output-files.xcfilelist",
			);
			runOnlyForDeploymentPostprocessing = 0;
			shellPath = /bin/sh;
			shellScript = "\"${PODS_ROOT}/Target Support Files/Pods-Cards Contacts/Pods-Cards Contacts-frameworks.sh\"\n";
			showEnvVarsInLog = 0;
		};
		AADF71FE16780FA39A6FA082 /* [CP] Check Pods Manifest.lock */ = {
			isa = PBXShellScriptBuildPhase;
			buildActionMask = 2147483647;
			files = (
			);
			inputFileListPaths = (
			);
			inputPaths = (
				"${PODS_PODFILE_DIR_PATH}/Podfile.lock",
				"${PODS_ROOT}/Manifest.lock",
			);
			name = "[CP] Check Pods Manifest.lock";
			outputFileListPaths = (
			);
			outputPaths = (
				"$(DERIVED_FILE_DIR)/Pods-Cards Contacts-checkManifestLockResult.txt",
			);
			runOnlyForDeploymentPostprocessing = 0;
			shellPath = /bin/sh;
			shellScript = "diff \"${PODS_PODFILE_DIR_PATH}/Podfile.lock\" \"${PODS_ROOT}/Manifest.lock\" > /dev/null\nif [ $? != 0 ] ; then\n    # print error to STDERR\n    echo \"error: The sandbox is not in sync with the Podfile.lock. Run 'pod install' or update your CocoaPods installation.\" >&2\n    exit 1\nfi\n# This output is used by Xcode 'outputs' to avoid re-running this script phase.\necho \"SUCCESS\" > \"${SCRIPT_OUTPUT_FILE_0}\"\n";
			showEnvVarsInLog = 0;
		};
/* End PBXShellScriptBuildPhase section */

/* Begin PBXSourcesBuildPhase section */
		5D3D235622C0101C006B7459 /* Sources */ = {
			isa = PBXSourcesBuildPhase;
			buildActionMask = 2147483647;
			files = (
				5D54F4CB23B67B2A00B6B027 /* Card.swift in Sources */,
				5D54F4BD23B5BDA600B6B027 /* BrowseCardsTableViewCell.swift in Sources */,
				5DA55BBE23B25DE4003CF582 /* UITextField+Extension.swift in Sources */,
				5D3D237C22C02F88006B7459 /* BrowseMyCardsViewController.swift in Sources */,
				5D54F4C123B5C91C00B6B027 /* String+Extension.swift in Sources */,
				5D54F4CF23B6BBA300B6B027 /* CardAttributeFieldTableViewCell.swift in Sources */,
				5D54F4BF23B5C0C600B6B027 /* UIImage+Extension.swift in Sources */,
				5D54F4D323B6C36300B6B027 /* CardDetailViewModel.swift in Sources */,
				5D2A853F23BB9ADC0040DBDE /* SearchUsersViewModel.swift in Sources */,
				5D54F4B823B40DEE00B6B027 /* CardSummaryList.swift in Sources */,
				5D3D237822C02084006B7459 /* SignUpViewController.swift in Sources */,
				5D2A853D23BB98470040DBDE /* SearchUsersViewController.swift in Sources */,
				5DA55BB423B25622003CF582 /* UIColor+Extension.swift in Sources */,
				5D54F4D723B7F48800B6B027 /* UIView+Extension.swift in Sources */,
				5D54F4BA23B50A3E00B6B027 /* CardsWebService.swift in Sources */,
				5D3D235E22C0101C006B7459 /* AppDelegate.swift in Sources */,
				5D54F4D123B6BD0500B6B027 /* Common.swift in Sources */,
				5D3D237222C0115B006B7459 /* Reachability.swift in Sources */,
				5D54F4C323B5DAD300B6B027 /* UIViewController+Extension.swift in Sources */,
				5D54F4C923B660B800B6B027 /* CardDetailViewController.swift in Sources */,
				5D2A853923BB1A3B0040DBDE /* ContactActions.swift in Sources */,
				5D54F4C523B651DE00B6B027 /* StorageService.swift in Sources */,
				5D7669D323B2BDB400BF8BA5 /* MyCardsViewModel.swift in Sources */,
				5D2A853423BB121D0040DBDE /* FirebaseManager.swift in Sources */,
				5DA55BB923B25895003CF582 /* Constants.swift in Sources */,
				5D3D237422C01203006B7459 /* LoginViewController.swift in Sources */,
				5DFD77D523B2506D00C6EF1A /* AuthService.swift in Sources */,
				5D7669D023B2BD0B00BF8BA5 /* TableViewDataSource.swift in Sources */,
				5D2A853123B9D19A0040DBDE /* ForgotPasswordViewController.swift in Sources */,
				5DA55BBC23B25DB6003CF582 /* UIButton+Extension.swift in Sources */,
				5D4F294123BEB1F800712B54 /* Enodeable+Extension.swift in Sources */,
			);
			runOnlyForDeploymentPostprocessing = 0;
		};
/* End PBXSourcesBuildPhase section */

/* Begin PBXVariantGroup section */
		5D3D236322C0101C006B7459 /* Main.storyboard */ = {
			isa = PBXVariantGroup;
			children = (
				5D3D236422C0101C006B7459 /* Base */,
			);
			name = Main.storyboard;
			sourceTree = "<group>";
		};
		5D3D236822C01021006B7459 /* LaunchScreen.storyboard */ = {
			isa = PBXVariantGroup;
			children = (
				5D3D236922C01021006B7459 /* Base */,
			);
			name = LaunchScreen.storyboard;
			sourceTree = "<group>";
		};
/* End PBXVariantGroup section */

/* Begin XCBuildConfiguration section */
		5D3D236C22C01021006B7459 /* Debug */ = {
			isa = XCBuildConfiguration;
			buildSettings = {
				ALWAYS_SEARCH_USER_PATHS = NO;
				CLANG_ANALYZER_NONNULL = YES;
				CLANG_ANALYZER_NUMBER_OBJECT_CONVERSION = YES_AGGRESSIVE;
				CLANG_CXX_LANGUAGE_STANDARD = "gnu++14";
				CLANG_CXX_LIBRARY = "libc++";
				CLANG_ENABLE_MODULES = YES;
				CLANG_ENABLE_OBJC_ARC = YES;
				CLANG_ENABLE_OBJC_WEAK = YES;
				CLANG_WARN_BLOCK_CAPTURE_AUTORELEASING = YES;
				CLANG_WARN_BOOL_CONVERSION = YES;
				CLANG_WARN_COMMA = YES;
				CLANG_WARN_CONSTANT_CONVERSION = YES;
				CLANG_WARN_DEPRECATED_OBJC_IMPLEMENTATIONS = YES;
				CLANG_WARN_DIRECT_OBJC_ISA_USAGE = YES_ERROR;
				CLANG_WARN_DOCUMENTATION_COMMENTS = YES;
				CLANG_WARN_EMPTY_BODY = YES;
				CLANG_WARN_ENUM_CONVERSION = YES;
				CLANG_WARN_INFINITE_RECURSION = YES;
				CLANG_WARN_INT_CONVERSION = YES;
				CLANG_WARN_NON_LITERAL_NULL_CONVERSION = YES;
				CLANG_WARN_OBJC_IMPLICIT_RETAIN_SELF = YES;
				CLANG_WARN_OBJC_LITERAL_CONVERSION = YES;
				CLANG_WARN_OBJC_ROOT_CLASS = YES_ERROR;
				CLANG_WARN_RANGE_LOOP_ANALYSIS = YES;
				CLANG_WARN_STRICT_PROTOTYPES = YES;
				CLANG_WARN_SUSPICIOUS_MOVE = YES;
				CLANG_WARN_UNGUARDED_AVAILABILITY = YES_AGGRESSIVE;
				CLANG_WARN_UNREACHABLE_CODE = YES;
				CLANG_WARN__DUPLICATE_METHOD_MATCH = YES;
				CODE_SIGN_IDENTITY = "iPhone Developer";
				COPY_PHASE_STRIP = NO;
				DEBUG_INFORMATION_FORMAT = dwarf;
				ENABLE_STRICT_OBJC_MSGSEND = YES;
				ENABLE_TESTABILITY = YES;
				GCC_C_LANGUAGE_STANDARD = gnu11;
				GCC_DYNAMIC_NO_PIC = NO;
				GCC_NO_COMMON_BLOCKS = YES;
				GCC_OPTIMIZATION_LEVEL = 0;
				GCC_PREPROCESSOR_DEFINITIONS = (
					"DEBUG=1",
					"$(inherited)",
				);
				GCC_WARN_64_TO_32_BIT_CONVERSION = YES;
				GCC_WARN_ABOUT_RETURN_TYPE = YES_ERROR;
				GCC_WARN_UNDECLARED_SELECTOR = YES;
				GCC_WARN_UNINITIALIZED_AUTOS = YES_AGGRESSIVE;
				GCC_WARN_UNUSED_FUNCTION = YES;
				GCC_WARN_UNUSED_VARIABLE = YES;
				IPHONEOS_DEPLOYMENT_TARGET = 12.2;
				MTL_ENABLE_DEBUG_INFO = INCLUDE_SOURCE;
				MTL_FAST_MATH = YES;
				ONLY_ACTIVE_ARCH = YES;
				SDKROOT = iphoneos;
				SWIFT_ACTIVE_COMPILATION_CONDITIONS = DEBUG;
				SWIFT_OPTIMIZATION_LEVEL = "-Onone";
			};
			name = Debug;
		};
		5D3D236D22C01021006B7459 /* Release */ = {
			isa = XCBuildConfiguration;
			buildSettings = {
				ALWAYS_SEARCH_USER_PATHS = NO;
				CLANG_ANALYZER_NONNULL = YES;
				CLANG_ANALYZER_NUMBER_OBJECT_CONVERSION = YES_AGGRESSIVE;
				CLANG_CXX_LANGUAGE_STANDARD = "gnu++14";
				CLANG_CXX_LIBRARY = "libc++";
				CLANG_ENABLE_MODULES = YES;
				CLANG_ENABLE_OBJC_ARC = YES;
				CLANG_ENABLE_OBJC_WEAK = YES;
				CLANG_WARN_BLOCK_CAPTURE_AUTORELEASING = YES;
				CLANG_WARN_BOOL_CONVERSION = YES;
				CLANG_WARN_COMMA = YES;
				CLANG_WARN_CONSTANT_CONVERSION = YES;
				CLANG_WARN_DEPRECATED_OBJC_IMPLEMENTATIONS = YES;
				CLANG_WARN_DIRECT_OBJC_ISA_USAGE = YES_ERROR;
				CLANG_WARN_DOCUMENTATION_COMMENTS = YES;
				CLANG_WARN_EMPTY_BODY = YES;
				CLANG_WARN_ENUM_CONVERSION = YES;
				CLANG_WARN_INFINITE_RECURSION = YES;
				CLANG_WARN_INT_CONVERSION = YES;
				CLANG_WARN_NON_LITERAL_NULL_CONVERSION = YES;
				CLANG_WARN_OBJC_IMPLICIT_RETAIN_SELF = YES;
				CLANG_WARN_OBJC_LITERAL_CONVERSION = YES;
				CLANG_WARN_OBJC_ROOT_CLASS = YES_ERROR;
				CLANG_WARN_RANGE_LOOP_ANALYSIS = YES;
				CLANG_WARN_STRICT_PROTOTYPES = YES;
				CLANG_WARN_SUSPICIOUS_MOVE = YES;
				CLANG_WARN_UNGUARDED_AVAILABILITY = YES_AGGRESSIVE;
				CLANG_WARN_UNREACHABLE_CODE = YES;
				CLANG_WARN__DUPLICATE_METHOD_MATCH = YES;
				CODE_SIGN_IDENTITY = "iPhone Developer";
				COPY_PHASE_STRIP = NO;
				DEBUG_INFORMATION_FORMAT = "dwarf-with-dsym";
				ENABLE_NS_ASSERTIONS = NO;
				ENABLE_STRICT_OBJC_MSGSEND = YES;
				GCC_C_LANGUAGE_STANDARD = gnu11;
				GCC_NO_COMMON_BLOCKS = YES;
				GCC_WARN_64_TO_32_BIT_CONVERSION = YES;
				GCC_WARN_ABOUT_RETURN_TYPE = YES_ERROR;
				GCC_WARN_UNDECLARED_SELECTOR = YES;
				GCC_WARN_UNINITIALIZED_AUTOS = YES_AGGRESSIVE;
				GCC_WARN_UNUSED_FUNCTION = YES;
				GCC_WARN_UNUSED_VARIABLE = YES;
				IPHONEOS_DEPLOYMENT_TARGET = 12.2;
				MTL_ENABLE_DEBUG_INFO = NO;
				MTL_FAST_MATH = YES;
				SDKROOT = iphoneos;
				SWIFT_COMPILATION_MODE = wholemodule;
				SWIFT_OPTIMIZATION_LEVEL = "-O";
				VALIDATE_PRODUCT = YES;
			};
			name = Release;
		};
		5D3D236F22C01021006B7459 /* Debug */ = {
			isa = XCBuildConfiguration;
			baseConfigurationReference = 120E9978FC75120260C8CB9B /* Pods-Cards Contacts.debug.xcconfig */;
			buildSettings = {
				ASSETCATALOG_COMPILER_APPICON_NAME = AppIcon;
				CODE_SIGN_STYLE = Automatic;
				DEVELOPMENT_TEAM = UDGJ8L64CG;
				INFOPLIST_FILE = "Cards Contacts/Info.plist";
				LD_RUNPATH_SEARCH_PATHS = (
					"$(inherited)",
					"@executable_path/Frameworks",
				);
				PRODUCT_BUNDLE_IDENTIFIER = "nicholasarduini.Cards-Contacts";
				PRODUCT_NAME = Cards;
				SWIFT_VERSION = 5.0;
				TARGETED_DEVICE_FAMILY = "1,2";
			};
			name = Debug;
		};
		5D3D237022C01021006B7459 /* Release */ = {
			isa = XCBuildConfiguration;
			baseConfigurationReference = 927C993C8205C43704653518 /* Pods-Cards Contacts.release.xcconfig */;
			buildSettings = {
				ASSETCATALOG_COMPILER_APPICON_NAME = AppIcon;
				CODE_SIGN_STYLE = Automatic;
				DEVELOPMENT_TEAM = UDGJ8L64CG;
				INFOPLIST_FILE = "Cards Contacts/Info.plist";
				LD_RUNPATH_SEARCH_PATHS = (
					"$(inherited)",
					"@executable_path/Frameworks",
				);
				PRODUCT_BUNDLE_IDENTIFIER = "nicholasarduini.Cards-Contacts";
				PRODUCT_NAME = Cards;
				SWIFT_VERSION = 5.0;
				TARGETED_DEVICE_FAMILY = "1,2";
			};
			name = Release;
		};
/* End XCBuildConfiguration section */

/* Begin XCConfigurationList section */
		5D3D235522C0101C006B7459 /* Build configuration list for PBXProject "Cards Contacts" */ = {
			isa = XCConfigurationList;
			buildConfigurations = (
				5D3D236C22C01021006B7459 /* Debug */,
				5D3D236D22C01021006B7459 /* Release */,
			);
			defaultConfigurationIsVisible = 0;
			defaultConfigurationName = Release;
		};
		5D3D236E22C01021006B7459 /* Build configuration list for PBXNativeTarget "Cards Contacts" */ = {
			isa = XCConfigurationList;
			buildConfigurations = (
				5D3D236F22C01021006B7459 /* Debug */,
				5D3D237022C01021006B7459 /* Release */,
			);
			defaultConfigurationIsVisible = 0;
			defaultConfigurationName = Release;
		};
/* End XCConfigurationList section */
	};
	rootObject = 5D3D235222C0101C006B7459 /* Project object */;
}
